
Microsoft Visual Studio Solution File, Format Version 12.00
# Visual Studio 15
VisualStudioVersion = 15.0.26730.3
MinimumVisualStudioVersion = 10.0.40219.1
Project("{FAE04EC0-301F-11D3-BF4B-00C04F79EFBC}") = "dotnet.helpers.sdk", "dotnet.helpers.sdk\dotnet.helpers.sdk.csproj", "{BCEA8C2F-8233-4208-8216-274BDC89A318}"
EndProject
Global
	GlobalSection(SolutionConfigurationPlatforms) = preSolution
		Debug|Any CPU = Debug|Any CPU
		Release|Any CPU = Release|Any CPU
	EndGlobalSection
	GlobalSection(ProjectConfigurationPlatforms) = postSolution
		{BCEA8C2F-8233-4208-8216-274BDC89A318}.Debug|Any CPU.ActiveCfg = Debug|Any CPU
		{BCEA8C2F-8233-4208-8216-274BDC89A318}.Debug|Any CPU.Build.0 = Debug|Any CPU
		{BCEA8C2F-8233-4208-8216-274BDC89A318}.Release|Any CPU.ActiveCfg = Release|Any CPU
		{BCEA8C2F-8233-4208-8216-274BDC89A318}.Release|Any CPU.Build.0 = Release|Any CPU
	EndGlobalSection
	GlobalSection(SolutionProperties) = preSolution
		HideSolutionNode = FALSE
	EndGlobalSection
	GlobalSection(ExtensibilityGlobals) = postSolution
		SolutionGuid = {2C8A6A8E-5025-4DCF-AE8D-C82E83EC0CB9}
	EndGlobalSection
EndGlobal
